
Microsoft Visual Studio Solution File, Format Version 12.00
# Visual Studio Version 17
VisualStudioVersion = 17.10.35027.167
MinimumVisualStudioVersion = 10.0.40219.1
Project("{FAE04EC0-301F-11D3-BF4B-00C04F79EFBC}") = "WhileAlistirma", "WhileAlistirma\WhileAlistirma.csproj", "{2FA428EB-A838-4420-8AC1-48C46A4C69BC}"
EndProject
Global
	GlobalSection(SolutionConfigurationPlatforms) = preSolution
		Debug|Any CPU = Debug|Any CPU
		Release|Any CPU = Release|Any CPU
	EndGlobalSection
	GlobalSection(ProjectConfigurationPlatforms) = postSolution
		{2FA428EB-A838-4420-8AC1-48C46A4C69BC}.Debug|Any CPU.ActiveCfg = Debug|Any CPU
		{2FA428EB-A838-4420-8AC1-48C46A4C69BC}.Debug|Any CPU.Build.0 = Debug|Any CPU
		{2FA428EB-A838-4420-8AC1-48C46A4C69BC}.Release|Any CPU.ActiveCfg = Release|Any CPU
		{2FA428EB-A838-4420-8AC1-48C46A4C69BC}.Release|Any CPU.Build.0 = Release|Any CPU
	EndGlobalSection
	GlobalSection(SolutionProperties) = preSolution
		HideSolutionNode = FALSE
	EndGlobalSection
	GlobalSection(ExtensibilityGlobals) = postSolution
		SolutionGuid = {08161BA8-C43D-42CA-AA92-B764D5825E26}
	EndGlobalSection
EndGlobal
